
Microsoft Visual Studio Solution File, Format Version 12.00
# Visual Studio Version 17
VisualStudioVersion = 17.6.33829.357
MinimumVisualStudioVersion = 10.0.40219.1
Project("{FAE04EC0-301F-11D3-BF4B-00C04F79EFBC}") = "PersonelApp.Domains", "PersonelApp.Domains\PersonelApp.Domains.csproj", "{338E7498-3ECE-4DEA-9C6A-39F8E9BD3059}"
EndProject
Project("{FAE04EC0-301F-11D3-BF4B-00C04F79EFBC}") = "PersonelApp.DAL", "PersonelApp.DAL\PersonelApp.DAL.csproj", "{BF3CEE4F-4D82-494C-8548-AD11D9C5ACBA}"
EndProject
Project("{FAE04EC0-301F-11D3-BF4B-00C04F79EFBC}") = "PersonelApp.Console.UI", "PersonelApp.Console.UI\PersonelApp.Console.UI.csproj", "{803B47AD-6A0C-429F-86E2-A0687D691B92}"
EndProject
Global
	GlobalSection(SolutionConfigurationPlatforms) = preSolution
		Debug|Any CPU = Debug|Any CPU
		Release|Any CPU = Release|Any CPU
	EndGlobalSection
	GlobalSection(ProjectConfigurationPlatforms) = postSolution
		{338E7498-3ECE-4DEA-9C6A-39F8E9BD3059}.Debug|Any CPU.ActiveCfg = Debug|Any CPU
		{338E7498-3ECE-4DEA-9C6A-39F8E9BD3059}.Debug|Any CPU.Build.0 = Debug|Any CPU
		{338E7498-3ECE-4DEA-9C6A-39F8E9BD3059}.Release|Any CPU.ActiveCfg = Release|Any CPU
		{338E7498-3ECE-4DEA-9C6A-39F8E9BD3059}.Release|Any CPU.Build.0 = Release|Any CPU
		{BF3CEE4F-4D82-494C-8548-AD11D9C5ACBA}.Debug|Any CPU.ActiveCfg = Debug|Any CPU
		{BF3CEE4F-4D82-494C-8548-AD11D9C5ACBA}.Debug|Any CPU.Build.0 = Debug|Any CPU
		{BF3CEE4F-4D82-494C-8548-AD11D9C5ACBA}.Release|Any CPU.ActiveCfg = Release|Any CPU
		{BF3CEE4F-4D82-494C-8548-AD11D9C5ACBA}.Release|Any CPU.Build.0 = Release|Any CPU
		{803B47AD-6A0C-429F-86E2-A0687D691B92}.Debug|Any CPU.ActiveCfg = Debug|Any CPU
		{803B47AD-6A0C-429F-86E2-A0687D691B92}.Debug|Any CPU.Build.0 = Debug|Any CPU
		{803B47AD-6A0C-429F-86E2-A0687D691B92}.Release|Any CPU.ActiveCfg = Release|Any CPU
		{803B47AD-6A0C-429F-86E2-A0687D691B92}.Release|Any CPU.Build.0 = Release|Any CPU
	EndGlobalSection
	GlobalSection(SolutionProperties) = preSolution
		HideSolutionNode = FALSE
	EndGlobalSection
	GlobalSection(ExtensibilityGlobals) = postSolution
		SolutionGuid = {C2FA664E-9697-4522-AB53-3C3CC9232C12}
	EndGlobalSection
EndGlobal
